
Microsoft Visual Studio Solution File, Format Version 12.00
# Visual Studio Version 17
VisualStudioVersion = 17.11.35219.272
MinimumVisualStudioVersion = 10.0.40219.1
Project("{8BC9CEB8-8B4A-11D0-8D11-00A0C91BC942}") = "Lb24_Poliak_DLL", "Lb24_Poliak_DLL.vcxproj", "{21A2FA2B-6F9B-4477-B4AE-34083CB2CA24}"
EndProject
Global
	GlobalSection(SolutionConfigurationPlatforms) = preSolution
		Debug|x64 = Debug|x64
		Debug|x86 = Debug|x86
		Release|x64 = Release|x64
		Release|x86 = Release|x86
	EndGlobalSection
	GlobalSection(ProjectConfigurationPlatforms) = postSolution
		{21A2FA2B-6F9B-4477-B4AE-34083CB2CA24}.Debug|x64.ActiveCfg = Debug|x64
		{21A2FA2B-6F9B-4477-B4AE-34083CB2CA24}.Debug|x64.Build.0 = Debug|x64
		{21A2FA2B-6F9B-4477-B4AE-34083CB2CA24}.Debug|x86.ActiveCfg = Debug|Win32
		{21A2FA2B-6F9B-4477-B4AE-34083CB2CA24}.Debug|x86.Build.0 = Debug|Win32
		{21A2FA2B-6F9B-4477-B4AE-34083CB2CA24}.Release|x64.ActiveCfg = Release|x64
		{21A2FA2B-6F9B-4477-B4AE-34083CB2CA24}.Release|x64.Build.0 = Release|x64
		{21A2FA2B-6F9B-4477-B4AE-34083CB2CA24}.Release|x86.ActiveCfg = Release|Win32
		{21A2FA2B-6F9B-4477-B4AE-34083CB2CA24}.Release|x86.Build.0 = Release|Win32
	EndGlobalSection
	GlobalSection(SolutionProperties) = preSolution
		HideSolutionNode = FALSE
	EndGlobalSection
	GlobalSection(ExtensibilityGlobals) = postSolution
		SolutionGuid = {78BE3D95-A4F5-4C49-8139-C48F1E02D2EB}
	EndGlobalSection
EndGlobal
